// !$*UTF8*$!
{
	archiveVersion = 1;
	classes = {
	};
	objectVersion = 55;
	objects = {

/* Begin PBXBuildFile section */
		0629FEE128466144007EB1FC /* AppDelegate.swift in Sources */ = {isa = PBXBuildFile; fileRef = 0629FEE028466144007EB1FC /* AppDelegate.swift */; };
		0629FEE328466144007EB1FC /* SceneDelegate.swift in Sources */ = {isa = PBXBuildFile; fileRef = 0629FEE228466144007EB1FC /* SceneDelegate.swift */; };
		0629FEE528466144007EB1FC /* ViewController.swift in Sources */ = {isa = PBXBuildFile; fileRef = 0629FEE428466144007EB1FC /* ViewController.swift */; };
		0629FEE828466144007EB1FC /* Main.storyboard in Resources */ = {isa = PBXBuildFile; fileRef = 0629FEE628466144007EB1FC /* Main.storyboard */; };
		0629FEEA28466147007EB1FC /* Assets.xcassets in Resources */ = {isa = PBXBuildFile; fileRef = 0629FEE928466147007EB1FC /* Assets.xcassets */; };
		0629FEED28466147007EB1FC /* LaunchScreen.storyboard in Resources */ = {isa = PBXBuildFile; fileRef = 0629FEEB28466147007EB1FC /* LaunchScreen.storyboard */; };
		0629FEF828466147007EB1FC /* CardapioVirtualAppTests.swift in Sources */ = {isa = PBXBuildFile; fileRef = 0629FEF728466147007EB1FC /* CardapioVirtualAppTests.swift */; };
		0629FF0228466147007EB1FC /* CardapioVirtualAppUITests.swift in Sources */ = {isa = PBXBuildFile; fileRef = 0629FF0128466147007EB1FC /* CardapioVirtualAppUITests.swift */; };
		0629FF0428466147007EB1FC /* CardapioVirtualAppUITestsLaunchTests.swift in Sources */ = {isa = PBXBuildFile; fileRef = 0629FF0328466147007EB1FC /* CardapioVirtualAppUITestsLaunchTests.swift */; };
/* End PBXBuildFile section */

/* Begin PBXContainerItemProxy section */
		0629FEF428466147007EB1FC /* PBXContainerItemProxy */ = {
			isa = PBXContainerItemProxy;
			containerPortal = 0629FED528466144007EB1FC /* Project object */;
			proxyType = 1;
			remoteGlobalIDString = 0629FEDC28466144007EB1FC;
			remoteInfo = "CardapioVirtualApp-final";
		};
		0629FEFE28466147007EB1FC /* PBXContainerItemProxy */ = {
			isa = PBXContainerItemProxy;
			containerPortal = 0629FED528466144007EB1FC /* Project object */;
			proxyType = 1;
			remoteGlobalIDString = 0629FEDC28466144007EB1FC;
			remoteInfo = "CardapioVirtualApp-final";
		};
/* End PBXContainerItemProxy section */

/* Begin PBXFileReference section */
		0629FEDD28466144007EB1FC /* CardapioVirtualApp.app */ = {isa = PBXFileReference; explicitFileType = wrapper.application; includeInIndex = 0; path = CardapioVirtualApp.app; sourceTree = BUILT_PRODUCTS_DIR; };
		0629FEE028466144007EB1FC /* AppDelegate.swift */ = {isa = PBXFileReference; lastKnownFileType = sourcecode.swift; path = AppDelegate.swift; sourceTree = "<group>"; };
		0629FEE228466144007EB1FC /* SceneDelegate.swift */ = {isa = PBXFileReference; lastKnownFileType = sourcecode.swift; path = SceneDelegate.swift; sourceTree = "<group>"; };
		0629FEE428466144007EB1FC /* ViewController.swift */ = {isa = PBXFileReference; lastKnownFileType = sourcecode.swift; path = ViewController.swift; sourceTree = "<group>"; };
		0629FEE728466144007EB1FC /* Base */ = {isa = PBXFileReference; lastKnownFileType = file.storyboard; name = Base; path = Base.lproj/Main.storyboard; sourceTree = "<group>"; };
		0629FEE928466147007EB1FC /* Assets.xcassets */ = {isa = PBXFileReference; lastKnownFileType = folder.assetcatalog; path = Assets.xcassets; sourceTree = "<group>"; };
		0629FEEC28466147007EB1FC /* Base */ = {isa = PBXFileReference; lastKnownFileType = file.storyboard; name = Base; path = Base.lproj/LaunchScreen.storyboard; sourceTree = "<group>"; };
		0629FEEE28466147007EB1FC /* Info.plist */ = {isa = PBXFileReference; lastKnownFileType = text.plist.xml; path = Info.plist; sourceTree = "<group>"; };
		0629FEF328466147007EB1FC /* CardapioVirtualAppTests.xctest */ = {isa = PBXFileReference; explicitFileType = wrapper.cfbundle; includeInIndex = 0; path = CardapioVirtualAppTests.xctest; sourceTree = BUILT_PRODUCTS_DIR; };
		0629FEF728466147007EB1FC /* CardapioVirtualAppTests.swift */ = {isa = PBXFileReference; lastKnownFileType = sourcecode.swift; path = CardapioVirtualAppTests.swift; sourceTree = "<group>"; };
		0629FEFD28466147007EB1FC /* CardapioVirtualAppUITests.xctest */ = {isa = PBXFileReference; explicitFileType = wrapper.cfbundle; includeInIndex = 0; path = CardapioVirtualAppUITests.xctest; sourceTree = BUILT_PRODUCTS_DIR; };
		0629FF0128466147007EB1FC /* CardapioVirtualAppUITests.swift */ = {isa = PBXFileReference; lastKnownFileType = sourcecode.swift; path = CardapioVirtualAppUITests.swift; sourceTree = "<group>"; };
		0629FF0328466147007EB1FC /* CardapioVirtualAppUITestsLaunchTests.swift */ = {isa = PBXFileReference; lastKnownFileType = sourcecode.swift; path = CardapioVirtualAppUITestsLaunchTests.swift; sourceTree = "<group>"; };
/* End PBXFileReference section */

/* Begin PBXFrameworksBuildPhase section */
		0629FEDA28466144007EB1FC /* Frameworks */ = {
			isa = PBXFrameworksBuildPhase;
			buildActionMask = 2147483647;
			files = (
			);
			runOnlyForDeploymentPostprocessing = 0;
		};
		0629FEF028466147007EB1FC /* Frameworks */ = {
			isa = PBXFrameworksBuildPhase;
			buildActionMask = 2147483647;
			files = (
			);
			runOnlyForDeploymentPostprocessing = 0;
		};
		0629FEFA28466147007EB1FC /* Frameworks */ = {
			isa = PBXFrameworksBuildPhase;
			buildActionMask = 2147483647;
			files = (
			);
			runOnlyForDeploymentPostprocessing = 0;
		};
/* End PBXFrameworksBuildPhase section */

/* Begin PBXGroup section */
		0629FED428466144007EB1FC = {
			isa = PBXGroup;
			children = (
				0629FEDF28466144007EB1FC /* CardapioVirtualApp */,
				0629FEF628466147007EB1FC /* CardapioVirtualAppTests */,
				0629FF0028466147007EB1FC /* CardapioVirtualAppUITests */,
				0629FEDE28466144007EB1FC /* Products */,
			);
			sourceTree = "<group>";
		};
		0629FEDE28466144007EB1FC /* Products */ = {
			isa = PBXGroup;
			children = (
				0629FEDD28466144007EB1FC /* CardapioVirtualApp.app */,
				0629FEF328466147007EB1FC /* CardapioVirtualAppTests.xctest */,
				0629FEFD28466147007EB1FC /* CardapioVirtualAppUITests.xctest */,
			);
			name = Products;
			sourceTree = "<group>";
		};
		0629FEDF28466144007EB1FC /* CardapioVirtualApp */ = {
			isa = PBXGroup;
			children = (
				0629FEE928466147007EB1FC /* Assets.xcassets */,
				0629FEEE28466147007EB1FC /* Info.plist */,
				0629FEE028466144007EB1FC /* AppDelegate.swift */,
				0629FEE228466144007EB1FC /* SceneDelegate.swift */,
				0629FF1A28466417007EB1FC /* Model */,
				0653A2332848251D00BCCA85 /* View */,
				0653A2322848251200BCCA85 /* Controller */,
			);
			path = CardapioVirtualApp;
			sourceTree = "<group>";
		};
		0629FEF628466147007EB1FC /* CardapioVirtualAppTests */ = {
			isa = PBXGroup;
			children = (
				0629FEF728466147007EB1FC /* CardapioVirtualAppTests.swift */,
			);
			path = CardapioVirtualAppTests;
			sourceTree = "<group>";
		};
		0629FF0028466147007EB1FC /* CardapioVirtualAppUITests */ = {
			isa = PBXGroup;
			children = (
				0629FF0128466147007EB1FC /* CardapioVirtualAppUITests.swift */,
				0629FF0328466147007EB1FC /* CardapioVirtualAppUITestsLaunchTests.swift */,
			);
			path = CardapioVirtualAppUITests;
			sourceTree = "<group>";
		};
		0629FF1A28466417007EB1FC /* Model */ = {
			isa = PBXGroup;
			children = (
			);
			path = Model;
			sourceTree = "<group>";
		};
		0653A2322848251200BCCA85 /* Controller */ = {
			isa = PBXGroup;
			children = (
				0629FEE428466144007EB1FC /* ViewController.swift */,
			);
			path = Controller;
			sourceTree = "<group>";
		};
		0653A2332848251D00BCCA85 /* View */ = {
			isa = PBXGroup;
			children = (
				0629FEE628466144007EB1FC /* Main.storyboard */,
				0629FEEB28466147007EB1FC /* LaunchScreen.storyboard */,
			);
			path = View;
			sourceTree = "<group>";
		};
/* End PBXGroup section */

/* Begin PBXNativeTarget section */
		0629FEDC28466144007EB1FC /* CardapioVirtualApp */ = {
			isa = PBXNativeTarget;
			buildConfigurationList = 0629FF0728466147007EB1FC /* Build configuration list for PBXNativeTarget "CardapioVirtualApp" */;
			buildPhases = (
				0629FED928466144007EB1FC /* Sources */,
				0629FEDA28466144007EB1FC /* Frameworks */,
				0629FEDB28466144007EB1FC /* Resources */,
			);
			buildRules = (
			);
			dependencies = (
			);
			name = CardapioVirtualApp;
			productName = "CardapioVirtualApp-final";
			productReference = 0629FEDD28466144007EB1FC /* CardapioVirtualApp.app */;
			productType = "com.apple.product-type.application";
		};
		0629FEF228466147007EB1FC /* CardapioVirtualAppTests */ = {
			isa = PBXNativeTarget;
			buildConfigurationList = 0629FF0A28466147007EB1FC /* Build configuration list for PBXNativeTarget "CardapioVirtualAppTests" */;
			buildPhases = (
				0629FEEF28466147007EB1FC /* Sources */,
				0629FEF028466147007EB1FC /* Frameworks */,
				0629FEF128466147007EB1FC /* Resources */,
			);
			buildRules = (
			);
			dependencies = (
				0629FEF528466147007EB1FC /* PBXTargetDependency */,
			);
			name = CardapioVirtualAppTests;
			productName = "CardapioVirtualApp-finalTests";
			productReference = 0629FEF328466147007EB1FC /* CardapioVirtualAppTests.xctest */;
			productType = "com.apple.product-type.bundle.unit-test";
		};
		0629FEFC28466147007EB1FC /* CardapioVirtualAppUITests */ = {
			isa = PBXNativeTarget;
			buildConfigurationList = 0629FF0D28466147007EB1FC /* Build configuration list for PBXNativeTarget "CardapioVirtualAppUITests" */;
			buildPhases = (
				0629FEF928466147007EB1FC /* Sources */,
				0629FEFA28466147007EB1FC /* Frameworks */,
				0629FEFB28466147007EB1FC /* Resources */,
			);
			buildRules = (
			);
			dependencies = (
				0629FEFF28466147007EB1FC /* PBXTargetDependency */,
			);
			name = CardapioVirtualAppUITests;
			productName = "CardapioVirtualApp-finalUITests";
			productReference = 0629FEFD28466147007EB1FC /* CardapioVirtualAppUITests.xctest */;
			productType = "com.apple.product-type.bundle.ui-testing";
		};
/* End PBXNativeTarget section */

/* Begin PBXProject section */
		0629FED528466144007EB1FC /* Project object */ = {
			isa = PBXProject;
			attributes = {
				BuildIndependentTargetsInParallel = 1;
				LastSwiftUpdateCheck = 1340;
				LastUpgradeCheck = 1340;
				TargetAttributes = {
					0629FEDC28466144007EB1FC = {
						CreatedOnToolsVersion = 13.4;
					};
					0629FEF228466147007EB1FC = {
						CreatedOnToolsVersion = 13.4;
						TestTargetID = 0629FEDC28466144007EB1FC;
					};
					0629FEFC28466147007EB1FC = {
						CreatedOnToolsVersion = 13.4;
						TestTargetID = 0629FEDC28466144007EB1FC;
					};
				};
			};
			buildConfigurationList = 0629FED828466144007EB1FC /* Build configuration list for PBXProject "CardapioVirtualApp" */;
			compatibilityVersion = "Xcode 13.0";
			developmentRegion = en;
			hasScannedForEncodings = 0;
			knownRegions = (
				en,
				Base,
			);
			mainGroup = 0629FED428466144007EB1FC;
			productRefGroup = 0629FEDE28466144007EB1FC /* Products */;
			projectDirPath = "";
			projectRoot = "";
			targets = (
				0629FEDC28466144007EB1FC /* CardapioVirtualApp */,
				0629FEF228466147007EB1FC /* CardapioVirtualAppTests */,
				0629FEFC28466147007EB1FC /* CardapioVirtualAppUITests */,
			);
		};
/* End PBXProject section */

/* Begin PBXResourcesBuildPhase section */
		0629FEDB28466144007EB1FC /* Resources */ = {
			isa = PBXResourcesBuildPhase;
			buildActionMask = 2147483647;
			files = (
				0629FEED28466147007EB1FC /* LaunchScreen.storyboard in Resources */,
				0629FEEA28466147007EB1FC /* Assets.xcassets in Resources */,
				0629FEE828466144007EB1FC /* Main.storyboard in Resources */,
			);
			runOnlyForDeploymentPostprocessing = 0;
		};
		0629FEF128466147007EB1FC /* Resources */ = {
			isa = PBXResourcesBuildPhase;
			buildActionMask = 2147483647;
			files = (
			);
			runOnlyForDeploymentPostprocessing = 0;
		};
		0629FEFB28466147007EB1FC /* Resources */ = {
			isa = PBXResourcesBuildPhase;
			buildActionMask = 2147483647;
			files = (
			);
			runOnlyForDeploymentPostprocessing = 0;
		};
/* End PBXResourcesBuildPhase section */

/* Begin PBXSourcesBuildPhase section */
		0629FED928466144007EB1FC /* Sources */ = {
			isa = PBXSourcesBuildPhase;
			buildActionMask = 2147483647;
			files = (
				0629FEE528466144007EB1FC /* ViewController.swift in Sources */,
				0629FEE128466144007EB1FC /* AppDelegate.swift in Sources */,
				0629FEE328466144007EB1FC /* SceneDelegate.swift in Sources */,
			);
			runOnlyForDeploymentPostprocessing = 0;
		};
		0629FEEF28466147007EB1FC /* Sources */ = {
			isa = PBXSourcesBuildPhase;
			buildActionMask = 2147483647;
			files = (
				0629FEF828466147007EB1FC /* CardapioVirtualAppTests.swift in Sources */,
			);
			runOnlyForDeploymentPostprocessing = 0;
		};
		0629FEF928466147007EB1FC /* Sources */ = {
			isa = PBXSourcesBuildPhase;
			buildActionMask = 2147483647;
			files = (
				0629FF0428466147007EB1FC /* CardapioVirtualAppUITestsLaunchTests.swift in Sources */,
				0629FF0228466147007EB1FC /* CardapioVirtualAppUITests.swift in Sources */,
			);
			runOnlyForDeploymentPostprocessing = 0;
		};
/* End PBXSourcesBuildPhase section */

/* Begin PBXTargetDependency section */
		0629FEF528466147007EB1FC /* PBXTargetDependency */ = {
			isa = PBXTargetDependency;
			target = 0629FEDC28466144007EB1FC /* CardapioVirtualApp */;
			targetProxy = 0629FEF428466147007EB1FC /* PBXContainerItemProxy */;
		};
		0629FEFF28466147007EB1FC /* PBXTargetDependency */ = {
			isa = PBXTargetDependency;
			target = 0629FEDC28466144007EB1FC /* CardapioVirtualApp */;
			targetProxy = 0629FEFE28466147007EB1FC /* PBXContainerItemProxy */;
		};
/* End PBXTargetDependency section */

/* Begin PBXVariantGroup section */
		0629FEE628466144007EB1FC /* Main.storyboard */ = {
			isa = PBXVariantGroup;
			children = (
				0629FEE728466144007EB1FC /* Base */,
			);
			name = Main.storyboard;
			sourceTree = "<group>";
		};
		0629FEEB28466147007EB1FC /* LaunchScreen.storyboard */ = {
			isa = PBXVariantGroup;
			children = (
				0629FEEC28466147007EB1FC /* Base */,
			);
			name = LaunchScreen.storyboard;
			sourceTree = "<group>";
		};
/* End PBXVariantGroup section */

/* Begin XCBuildConfiguration section */
		0629FF0528466147007EB1FC /* Debug */ = {
			isa = XCBuildConfiguration;
			buildSettings = {
				ALWAYS_SEARCH_USER_PATHS = NO;
				CLANG_ANALYZER_NONNULL = YES;
				CLANG_ANALYZER_NUMBER_OBJECT_CONVERSION = YES_AGGRESSIVE;
				CLANG_CXX_LANGUAGE_STANDARD = "gnu++17";
				CLANG_ENABLE_MODULES = YES;
				CLANG_ENABLE_OBJC_ARC = YES;
				CLANG_ENABLE_OBJC_WEAK = YES;
				CLANG_WARN_BLOCK_CAPTURE_AUTORELEASING = YES;
				CLANG_WARN_BOOL_CONVERSION = YES;
				CLANG_WARN_COMMA = YES;
				CLANG_WARN_CONSTANT_CONVERSION = YES;
				CLANG_WARN_DEPRECATED_OBJC_IMPLEMENTATIONS = YES;
				CLANG_WARN_DIRECT_OBJC_ISA_USAGE = YES_ERROR;
				CLANG_WARN_DOCUMENTATION_COMMENTS = YES;
				CLANG_WARN_EMPTY_BODY = YES;
				CLANG_WARN_ENUM_CONVERSION = YES;
				CLANG_WARN_INFINITE_RECURSION = YES;
				CLANG_WARN_INT_CONVERSION = YES;
				CLANG_WARN_NON_LITERAL_NULL_CONVERSION = YES;
				CLANG_WARN_OBJC_IMPLICIT_RETAIN_SELF = YES;
				CLANG_WARN_OBJC_LITERAL_CONVERSION = YES;
				CLANG_WARN_OBJC_ROOT_CLASS = YES_ERROR;
				CLANG_WARN_QUOTED_INCLUDE_IN_FRAMEWORK_HEADER = YES;
				CLANG_WARN_RANGE_LOOP_ANALYSIS = YES;
				CLANG_WARN_STRICT_PROTOTYPES = YES;
				CLANG_WARN_SUSPICIOUS_MOVE = YES;
				CLANG_WARN_UNGUARDED_AVAILABILITY = YES_AGGRESSIVE;
				CLANG_WARN_UNREACHABLE_CODE = YES;
				CLANG_WARN__DUPLICATE_METHOD_MATCH = YES;
				COPY_PHASE_STRIP = NO;
				DEBUG_INFORMATION_FORMAT = dwarf;
				ENABLE_STRICT_OBJC_MSGSEND = YES;
				ENABLE_TESTABILITY = YES;
				GCC_C_LANGUAGE_STANDARD = gnu11;
				GCC_DYNAMIC_NO_PIC = NO;
				GCC_NO_COMMON_BLOCKS = YES;
				GCC_OPTIMIZATION_LEVEL = 0;
				GCC_PREPROCESSOR_DEFINITIONS = (
					"DEBUG=1",
					"$(inherited)",
				);
				GCC_WARN_64_TO_32_BIT_CONVERSION = YES;
				GCC_WARN_ABOUT_RETURN_TYPE = YES_ERROR;
				GCC_WARN_UNDECLARED_SELECTOR = YES;
				GCC_WARN_UNINITIALIZED_AUTOS = YES_AGGRESSIVE;
				GCC_WARN_UNUSED_FUNCTION = YES;
				GCC_WARN_UNUSED_VARIABLE = YES;
				IPHONEOS_DEPLOYMENT_TARGET = 15.5;
				MTL_ENABLE_DEBUG_INFO = INCLUDE_SOURCE;
				MTL_FAST_MATH = YES;
				ONLY_ACTIVE_ARCH = YES;
				SDKROOT = iphoneos;
				SWIFT_ACTIVE_COMPILATION_CONDITIONS = DEBUG;
				SWIFT_OPTIMIZATION_LEVEL = "-Onone";
			};
			name = Debug;
		};
		0629FF0628466147007EB1FC /* Release */ = {
			isa = XCBuildConfiguration;
			buildSettings = {
				ALWAYS_SEARCH_USER_PATHS = NO;
				CLANG_ANALYZER_NONNULL = YES;
				CLANG_ANALYZER_NUMBER_OBJECT_CONVERSION = YES_AGGRESSIVE;
				CLANG_CXX_LANGUAGE_STANDARD = "gnu++17";
				CLANG_ENABLE_MODULES = YES;
				CLANG_ENABLE_OBJC_ARC = YES;
				CLANG_ENABLE_OBJC_WEAK = YES;
				CLANG_WARN_BLOCK_CAPTURE_AUTORELEASING = YES;
				CLANG_WARN_BOOL_CONVERSION = YES;
				CLANG_WARN_COMMA = YES;
				CLANG_WARN_CONSTANT_CONVERSION = YES;
				CLANG_WARN_DEPRECATED_OBJC_IMPLEMENTATIONS = YES;
				CLANG_WARN_DIRECT_OBJC_ISA_USAGE = YES_ERROR;
				CLANG_WARN_DOCUMENTATION_COMMENTS = YES;
				CLANG_WARN_EMPTY_BODY = YES;
				CLANG_WARN_ENUM_CONVERSION = YES;
				CLANG_WARN_INFINITE_RECURSION = YES;
				CLANG_WARN_INT_CONVERSION = YES;
				CLANG_WARN_NON_LITERAL_NULL_CONVERSION = YES;
				CLANG_WARN_OBJC_IMPLICIT_RETAIN_SELF = YES;
				CLANG_WARN_OBJC_LITERAL_CONVERSION = YES;
				CLANG_WARN_OBJC_ROOT_CLASS = YES_ERROR;
				CLANG_WARN_QUOTED_INCLUDE_IN_FRAMEWORK_HEADER = YES;
				CLANG_WARN_RANGE_LOOP_ANALYSIS = YES;
				CLANG_WARN_STRICT_PROTOTYPES = YES;
				CLANG_WARN_SUSPICIOUS_MOVE = YES;
				CLANG_WARN_UNGUARDED_AVAILABILITY = YES_AGGRESSIVE;
				CLANG_WARN_UNREACHABLE_CODE = YES;
				CLANG_WARN__DUPLICATE_METHOD_MATCH = YES;
				COPY_PHASE_STRIP = NO;
				DEBUG_INFORMATION_FORMAT = "dwarf-with-dsym";
				ENABLE_NS_ASSERTIONS = NO;
				ENABLE_STRICT_OBJC_MSGSEND = YES;
				GCC_C_LANGUAGE_STANDARD = gnu11;
				GCC_NO_COMMON_BLOCKS = YES;
				GCC_WARN_64_TO_32_BIT_CONVERSION = YES;
				GCC_WARN_ABOUT_RETURN_TYPE = YES_ERROR;
				GCC_WARN_UNDECLARED_SELECTOR = YES;
				GCC_WARN_UNINITIALIZED_AUTOS = YES_AGGRESSIVE;
				GCC_WARN_UNUSED_FUNCTION = YES;
				GCC_WARN_UNUSED_VARIABLE = YES;
				IPHONEOS_DEPLOYMENT_TARGET = 15.5;
				MTL_ENABLE_DEBUG_INFO = NO;
				MTL_FAST_MATH = YES;
				SDKROOT = iphoneos;
				SWIFT_COMPILATION_MODE = wholemodule;
				SWIFT_OPTIMIZATION_LEVEL = "-O";
				VALIDATE_PRODUCT = YES;
			};
			name = Release;
		};
		0629FF0828466147007EB1FC /* Debug */ = {
			isa = XCBuildConfiguration;
			buildSettings = {
				ASSETCATALOG_COMPILER_APPICON_NAME = AppIcon;
				ASSETCATALOG_COMPILER_GLOBAL_ACCENT_COLOR_NAME = AccentColor;
				CODE_SIGN_STYLE = Automatic;
				CURRENT_PROJECT_VERSION = 1;
				DEVELOPMENT_TEAM = 526YR6WHWC;
				GENERATE_INFOPLIST_FILE = YES;
				INFOPLIST_FILE = CardapioVirtualApp/Info.plist;
				INFOPLIST_KEY_UIApplicationSupportsIndirectInputEvents = YES;
				INFOPLIST_KEY_UILaunchStoryboardName = LaunchScreen;
				INFOPLIST_KEY_UIMainStoryboardFile = Main;
				INFOPLIST_KEY_UISupportedInterfaceOrientations_iPad = "UIInterfaceOrientationPortrait UIInterfaceOrientationPortraitUpsideDown UIInterfaceOrientationLandscapeLeft UIInterfaceOrientationLandscapeRight";
				INFOPLIST_KEY_UISupportedInterfaceOrientations_iPhone = "UIInterfaceOrientationPortrait UIInterfaceOrientationLandscapeLeft UIInterfaceOrientationLandscapeRight";
				LD_RUNPATH_SEARCH_PATHS = (
					"$(inherited)",
					"@executable_path/Frameworks",
				);
				MARKETING_VERSION = 1.0;
				PRODUCT_BUNDLE_IDENTIFIER = com.sharkberry.CardapioVirtualApp;
				PRODUCT_NAME = "$(TARGET_NAME)";
				SWIFT_EMIT_LOC_STRINGS = YES;
				SWIFT_VERSION = 5.0;
				TARGETED_DEVICE_FAMILY = "1,2";
			};
			name = Debug;
		};
		0629FF0928466147007EB1FC /* Release */ = {
			isa = XCBuildConfiguration;
			buildSettings = {
				ASSETCATALOG_COMPILER_APPICON_NAME = AppIcon;
				ASSETCATALOG_COMPILER_GLOBAL_ACCENT_COLOR_NAME = AccentColor;
				CODE_SIGN_STYLE = Automatic;
				CURRENT_PROJECT_VERSION = 1;
				DEVELOPMENT_TEAM = 526YR6WHWC;
				GENERATE_INFOPLIST_FILE = YES;
				INFOPLIST_FILE = CardapioVirtualApp/Info.plist;
				INFOPLIST_KEY_UIApplicationSupportsIndirectInputEvents = YES;
				INFOPLIST_KEY_UILaunchStoryboardName = LaunchScreen;
				INFOPLIST_KEY_UIMainStoryboardFile = Main;
				INFOPLIST_KEY_UISupportedInterfaceOrientations_iPad = "UIInterfaceOrientationPortrait UIInterfaceOrientationPortraitUpsideDown UIInterfaceOrientationLandscapeLeft UIInterfaceOrientationLandscapeRight";
				INFOPLIST_KEY_UISupportedInterfaceOrientations_iPhone = "UIInterfaceOrientationPortrait UIInterfaceOrientationLandscapeLeft UIInterfaceOrientationLandscapeRight";
				LD_RUNPATH_SEARCH_PATHS = (
					"$(inherited)",
					"@executable_path/Frameworks",
				);
				MARKETING_VERSION = 1.0;
				PRODUCT_BUNDLE_IDENTIFIER = com.sharkberry.CardapioVirtualApp;
				PRODUCT_NAME = "$(TARGET_NAME)";
				SWIFT_EMIT_LOC_STRINGS = YES;
				SWIFT_VERSION = 5.0;
				TARGETED_DEVICE_FAMILY = "1,2";
			};
			name = Release;
		};
		0629FF0B28466147007EB1FC /* Debug */ = {
			isa = XCBuildConfiguration;
			buildSettings = {
				ALWAYS_EMBED_SWIFT_STANDARD_LIBRARIES = YES;
				BUNDLE_LOADER = "$(TEST_HOST)";
				CODE_SIGN_STYLE = Automatic;
				CURRENT_PROJECT_VERSION = 1;
				DEVELOPMENT_TEAM = 526YR6WHWC;
				GENERATE_INFOPLIST_FILE = YES;
				IPHONEOS_DEPLOYMENT_TARGET = 15.5;
				MARKETING_VERSION = 1.0;
				PRODUCT_BUNDLE_IDENTIFIER = "com.sharkberry.CardapioVirtualApp-finalTests";
				PRODUCT_NAME = "$(TARGET_NAME)";
				SWIFT_EMIT_LOC_STRINGS = NO;
				SWIFT_VERSION = 5.0;
				TARGETED_DEVICE_FAMILY = "1,2";
				TEST_HOST = "$(BUILT_PRODUCTS_DIR)/CardapioVirtualApp.app/CardapioVirtualApp";
			};
			name = Debug;
		};
		0629FF0C28466147007EB1FC /* Release */ = {
			isa = XCBuildConfiguration;
			buildSettings = {
				ALWAYS_EMBED_SWIFT_STANDARD_LIBRARIES = YES;
				BUNDLE_LOADER = "$(TEST_HOST)";
				CODE_SIGN_STYLE = Automatic;
				CURRENT_PROJECT_VERSION = 1;
				DEVELOPMENT_TEAM = 526YR6WHWC;
				GENERATE_INFOPLIST_FILE = YES;
				IPHONEOS_DEPLOYMENT_TARGET = 15.5;
				MARKETING_VERSION = 1.0;
				PRODUCT_BUNDLE_IDENTIFIER = "com.sharkberry.CardapioVirtualApp-finalTests";
				PRODUCT_NAME = "$(TARGET_NAME)";
				SWIFT_EMIT_LOC_STRINGS = NO;
				SWIFT_VERSION = 5.0;
				TARGETED_DEVICE_FAMILY = "1,2";
				TEST_HOST = "$(BUILT_PRODUCTS_DIR)/CardapioVirtualApp.app/CardapioVirtualApp";
			};
			name = Release;
		};
		0629FF0E28466147007EB1FC /* Debug */ = {
			isa = XCBuildConfiguration;
			buildSettings = {
				ALWAYS_EMBED_SWIFT_STANDARD_LIBRARIES = YES;
				CODE_SIGN_STYLE = Automatic;
				CURRENT_PROJECT_VERSION = 1;
				DEVELOPMENT_TEAM = 526YR6WHWC;
				GENERATE_INFOPLIST_FILE = YES;
				MARKETING_VERSION = 1.0;
				PRODUCT_BUNDLE_IDENTIFIER = "com.sharkberry.CardapioVirtualApp-finalUITests";
				PRODUCT_NAME = "$(TARGET_NAME)";
				SWIFT_EMIT_LOC_STRINGS = NO;
				SWIFT_VERSION = 5.0;
				TARGETED_DEVICE_FAMILY = "1,2";
				TEST_TARGET_NAME = "CardapioVirtualApp-final";
			};
			name = Debug;
		};
		0629FF0F28466147007EB1FC /* Release */ = {
			isa = XCBuildConfiguration;
			buildSettings = {
				ALWAYS_EMBED_SWIFT_STANDARD_LIBRARIES = YES;
				CODE_SIGN_STYLE = Automatic;
				CURRENT_PROJECT_VERSION = 1;
				DEVELOPMENT_TEAM = 526YR6WHWC;
				GENERATE_INFOPLIST_FILE = YES;
				MARKETING_VERSION = 1.0;
				PRODUCT_BUNDLE_IDENTIFIER = "com.sharkberry.CardapioVirtualApp-finalUITests";
				PRODUCT_NAME = "$(TARGET_NAME)";
				SWIFT_EMIT_LOC_STRINGS = NO;
				SWIFT_VERSION = 5.0;
				TARGETED_DEVICE_FAMILY = "1,2";
				TEST_TARGET_NAME = "CardapioVirtualApp-final";
			};
			name = Release;
		};
/* End XCBuildConfiguration section */

/* Begin XCConfigurationList section */
		0629FED828466144007EB1FC /* Build configuration list for PBXProject "CardapioVirtualApp" */ = {
			isa = XCConfigurationList;
			buildConfigurations = (
				0629FF0528466147007EB1FC /* Debug */,
				0629FF0628466147007EB1FC /* Release */,
			);
			defaultConfigurationIsVisible = 0;
			defaultConfigurationName = Release;
		};
		0629FF0728466147007EB1FC /* Build configuration list for PBXNativeTarget "CardapioVirtualApp" */ = {
			isa = XCConfigurationList;
			buildConfigurations = (
				0629FF0828466147007EB1FC /* Debug */,
				0629FF0928466147007EB1FC /* Release */,
			);
			defaultConfigurationIsVisible = 0;
			defaultConfigurationName = Release;
		};
		0629FF0A28466147007EB1FC /* Build configuration list for PBXNativeTarget "CardapioVirtualAppTests" */ = {
			isa = XCConfigurationList;
			buildConfigurations = (
				0629FF0B28466147007EB1FC /* Debug */,
				0629FF0C28466147007EB1FC /* Release */,
			);
			defaultConfigurationIsVisible = 0;
			defaultConfigurationName = Release;
		};
		0629FF0D28466147007EB1FC /* Build configuration list for PBXNativeTarget "CardapioVirtualAppUITests" */ = {
			isa = XCConfigurationList;
			buildConfigurations = (
				0629FF0E28466147007EB1FC /* Debug */,
				0629FF0F28466147007EB1FC /* Release */,
			);
			defaultConfigurationIsVisible = 0;
			defaultConfigurationName = Release;
		};
/* End XCConfigurationList section */
	};
	rootObject = 0629FED528466144007EB1FC /* Project object */;
}
